
Microsoft Visual Studio Solution File, Format Version 12.00
Project("{FAE04EC0-301F-11D3-BF4B-00C04F79EFBC}") = "SerializationSample", "SerializationSample\SerializationSample.csproj", "{DE3047AB-1C3E-42BC-8A56-43D0BB42A724}"
EndProject
Global
	GlobalSection(SolutionConfigurationPlatforms) = preSolution
		Debug|Any CPU = Debug|Any CPU
		Release|Any CPU = Release|Any CPU
	EndGlobalSection
	GlobalSection(ProjectConfigurationPlatforms) = postSolution
		{DE3047AB-1C3E-42BC-8A56-43D0BB42A724}.Debug|Any CPU.ActiveCfg = Debug|Any CPU
		{DE3047AB-1C3E-42BC-8A56-43D0BB42A724}.Debug|Any CPU.Build.0 = Debug|Any CPU
		{DE3047AB-1C3E-42BC-8A56-43D0BB42A724}.Release|Any CPU.ActiveCfg = Release|Any CPU
		{DE3047AB-1C3E-42BC-8A56-43D0BB42A724}.Release|Any CPU.Build.0 = Release|Any CPU
	EndGlobalSection
EndGlobal
